schema: '2.0'
stages:
  data_ingestion:
    cmd: python src/data_ingestion.py
    deps:
    - path: src/data_ingestion.py
      hash: md5
      md5: 75fb554e61d21a5ddd47546c8cb75824
      size: 3739
    params:
      params.yaml:
        data_ingestion.test_size: 0.2
    outs:
    - path: data/raw
      hash: md5
      md5: cf80a871b981c2cc7cf4f320a28e5a35.dir
      size: 484846
      nfiles: 2
  data_preprocess:
    cmd: python src/preprocessing.py
    deps:
    - path: data/raw
      hash: md5
      md5: cf80a871b981c2cc7cf4f320a28e5a35.dir
      size: 484846
      nfiles: 2
    - path: src/preprocessing.py
      hash: md5
      md5: a7655b9bc87aa57c5c3675d310cdee41
      size: 3452
    outs:
    - path: data/interim
      hash: md5
      md5: 9e0aa13d9574c1be652b3ae738485e48.dir
      size: 261282
      nfiles: 2
  feature_engg:
    cmd: python src/featureeng.py
    deps:
    - path: data/interim
      hash: md5
      md5: 9e0aa13d9574c1be652b3ae738485e48.dir
      size: 261282
      nfiles: 2
    - path: src/featureeng.py
      hash: md5
      md5: c2459b46a493905c5373d0c3eef5023d
      size: 3920
    params:
      params.yaml:
        feature_engineering.max_features: 50
    outs:
    - path: data/processed
      hash: md5
      md5: 4cce497303dc793736d9cd1373915d29.dir
      size: 1183585
      nfiles: 2
  model_creation:
    cmd: python src/model_building.py
    deps:
    - path: data/processed
      hash: md5
      md5: 4cce497303dc793736d9cd1373915d29.dir
      size: 1183585
      nfiles: 2
    - path: src/model_building.py
      hash: md5
      md5: a6b067e3637092d522e462666dd3e825
      size: 4478
    params:
      params.yaml:
        model_building.n_estimators: 25
        model_building.random_state: 2
    outs:
    - path: models/model.pkl
      hash: md5
      md5: 0647eef1c8459d85e6cf17f43c201186
      size: 1012054
  model_evaulation:
    cmd: python src/model_evaluation.py
    deps:
    - path: models/model.pkl
      hash: md5
      md5: 0647eef1c8459d85e6cf17f43c201186
      size: 1012054
    - path: src/model_evaluation.py
      hash: md5
      md5: 03a9ab5910a01bb93375153e9c98da44
      size: 4641
